
Microsoft Visual Studio Solution File, Format Version 12.00
# Visual Studio Version 17
VisualStudioVersion = 17.5.002.0
MinimumVisualStudioVersion = 10.0.40219.1
Project("{9A19103F-16F7-4668-BE54-9A1E7A4F7556}") = "BankApplication.Infrastructure", "BankApplication.Infrastructure\BankApplication.Infrastructure.csproj", "{ED242155-4AA9-4795-93CA-03DE625874BF}"
EndProject
Project("{9A19103F-16F7-4668-BE54-9A1E7A4F7556}") = "BankApplication.Domain", "BankApplication.Domain\BankApplication.Domain.csproj", "{9A90083E-5462-48C9-92FE-CB19B3EF0DE1}"
EndProject
Project("{9A19103F-16F7-4668-BE54-9A1E7A4F7556}") = "BankApplication.API", "BankApplication.API\BankApplication.API.csproj", "{3C036FBC-1B6A-462F-8F94-BA44B2589BF9}"
EndProject
Project("{9A19103F-16F7-4668-BE54-9A1E7A4F7556}") = "BankApplication.Manager", "BankApplication.Manager\BankApplication.Manager.csproj", "{6191D496-1B95-4AC3-9FD2-711E14414AC4}"
EndProject
Global
	GlobalSection(SolutionConfigurationPlatforms) = preSolution
		Debug|Any CPU = Debug|Any CPU
		Release|Any CPU = Release|Any CPU
	EndGlobalSection
	GlobalSection(ProjectConfigurationPlatforms) = postSolution
		{ED242155-4AA9-4795-93CA-03DE625874BF}.Debug|Any CPU.ActiveCfg = Debug|Any CPU
		{ED242155-4AA9-4795-93CA-03DE625874BF}.Debug|Any CPU.Build.0 = Debug|Any CPU
		{ED242155-4AA9-4795-93CA-03DE625874BF}.Release|Any CPU.ActiveCfg = Release|Any CPU
		{ED242155-4AA9-4795-93CA-03DE625874BF}.Release|Any CPU.Build.0 = Release|Any CPU
		{9A90083E-5462-48C9-92FE-CB19B3EF0DE1}.Debug|Any CPU.ActiveCfg = Debug|Any CPU
		{9A90083E-5462-48C9-92FE-CB19B3EF0DE1}.Debug|Any CPU.Build.0 = Debug|Any CPU
		{9A90083E-5462-48C9-92FE-CB19B3EF0DE1}.Release|Any CPU.ActiveCfg = Release|Any CPU
		{9A90083E-5462-48C9-92FE-CB19B3EF0DE1}.Release|Any CPU.Build.0 = Release|Any CPU
		{3C036FBC-1B6A-462F-8F94-BA44B2589BF9}.Debug|Any CPU.ActiveCfg = Debug|Any CPU
		{3C036FBC-1B6A-462F-8F94-BA44B2589BF9}.Debug|Any CPU.Build.0 = Debug|Any CPU
		{3C036FBC-1B6A-462F-8F94-BA44B2589BF9}.Release|Any CPU.ActiveCfg = Release|Any CPU
		{3C036FBC-1B6A-462F-8F94-BA44B2589BF9}.Release|Any CPU.Build.0 = Release|Any CPU
		{6191D496-1B95-4AC3-9FD2-711E14414AC4}.Debug|Any CPU.ActiveCfg = Debug|Any CPU
		{6191D496-1B95-4AC3-9FD2-711E14414AC4}.Debug|Any CPU.Build.0 = Debug|Any CPU
		{6191D496-1B95-4AC3-9FD2-711E14414AC4}.Release|Any CPU.ActiveCfg = Release|Any CPU
		{6191D496-1B95-4AC3-9FD2-711E14414AC4}.Release|Any CPU.Build.0 = Release|Any CPU
	EndGlobalSection
	GlobalSection(SolutionProperties) = preSolution
		HideSolutionNode = FALSE
	EndGlobalSection
	GlobalSection(ExtensibilityGlobals) = postSolution
		SolutionGuid = {7678B0AB-BEE5-4ED8-813C-9F89A192FE52}
	EndGlobalSection
EndGlobal
